hash: c93028c4ae7ead427eef38e895d3ee9a9db4c3e5ad3772b2558c7abb64bea69c
updated: 2016-07-26T17:18:27.721019947+04:30
imports:
- name: github.com/limetext/backend
  version: master
  subpackages:
  - keys
  - log
  - packages
  - parser
  - render
  - watch
- name: github.com/limetext/gopy
  version: master
- name: github.com/limetext/loaders
  version: master
  subpackages:
  - json
  - plist
- name: github.com/limetext/log4go
  version: 41f52bba2191d3bfa764c6867968eb06acbd8f3c
- name: github.com/limetext/rubex
  version: master
- name: github.com/limetext/text
  version: master
- name: github.com/limetext/util
  version: master
- name: github.com/quarnster/parser
  version: 8991807ce6d383a41077a642b7b381eba1df7064
- name: gopkg.in/fsnotify.v1
  version: 836bfd95fecc0f1511dd66bdbf2b5b61ab8b00b6
- name: gopkg.in/yaml.v1
  version: 9f9df34309c04878acc86042b16630b0f696e1de
testImports:
- name: github.com/limetext/commands
  version: master
